
Microsoft Visual Studio Solution File, Format Version 12.00
# Visual Studio Version 17
VisualStudioVersion = 17.5.33627.172
MinimumVisualStudioVersion = 10.0.40219.1
Project("{9A19103F-16F7-4668-BE54-9A1E7A4F7556}") = "HangmanGame.Core", "HangmanGame.Core\HangmanGame.Core.csproj", "{40BE1408-EC5F-4A80-A475-D06E43EDCB40}"
EndProject
Project("{9A19103F-16F7-4668-BE54-9A1E7A4F7556}") = "HangmanGame.Console", "HangmanGame.Console\HangmanGame.Console.csproj", "{2E6988ED-5F3F-40CF-84DA-63C6A4A4A23D}"
EndProject
Project("{FAE04EC0-301F-11D3-BF4B-00C04F79EFBC}") = "HangmanGame.UnitTests", "HangmanGame.UnitTests\HangmanGame.UnitTests.csproj", "{683DFD00-21F3-4039-8293-E6016132082B}"
EndProject
Global
	GlobalSection(SolutionConfigurationPlatforms) = preSolution
		Debug|Any CPU = Debug|Any CPU
		Release|Any CPU = Release|Any CPU
	EndGlobalSection
	GlobalSection(ProjectConfigurationPlatforms) = postSolution
		{40BE1408-EC5F-4A80-A475-D06E43EDCB40}.Debug|Any CPU.ActiveCfg = Debug|Any CPU
		{40BE1408-EC5F-4A80-A475-D06E43EDCB40}.Debug|Any CPU.Build.0 = Debug|Any CPU
		{40BE1408-EC5F-4A80-A475-D06E43EDCB40}.Release|Any CPU.ActiveCfg = Release|Any CPU
		{40BE1408-EC5F-4A80-A475-D06E43EDCB40}.Release|Any CPU.Build.0 = Release|Any CPU
		{2E6988ED-5F3F-40CF-84DA-63C6A4A4A23D}.Debug|Any CPU.ActiveCfg = Debug|Any CPU
		{2E6988ED-5F3F-40CF-84DA-63C6A4A4A23D}.Debug|Any CPU.Build.0 = Debug|Any CPU
		{2E6988ED-5F3F-40CF-84DA-63C6A4A4A23D}.Release|Any CPU.ActiveCfg = Release|Any CPU
		{2E6988ED-5F3F-40CF-84DA-63C6A4A4A23D}.Release|Any CPU.Build.0 = Release|Any CPU
		{683DFD00-21F3-4039-8293-E6016132082B}.Debug|Any CPU.ActiveCfg = Debug|Any CPU
		{683DFD00-21F3-4039-8293-E6016132082B}.Debug|Any CPU.Build.0 = Debug|Any CPU
		{683DFD00-21F3-4039-8293-E6016132082B}.Release|Any CPU.ActiveCfg = Release|Any CPU
		{683DFD00-21F3-4039-8293-E6016132082B}.Release|Any CPU.Build.0 = Release|Any CPU
	EndGlobalSection
	GlobalSection(SolutionProperties) = preSolution
		HideSolutionNode = FALSE
	EndGlobalSection
	GlobalSection(ExtensibilityGlobals) = postSolution
		SolutionGuid = {C239CAF6-D029-486E-9B8D-0D264377CD7E}
	EndGlobalSection
EndGlobal
